{
  "name": "ng-basic-demo",
  "version": "1.0.0",
  "lockfileVersion": 1,
  "requires": true,
  "dependencies": {
    "angular": {
      "version": "1.7.7",
      "resolved": "https://registry.npmjs.org/angular/-/angular-1.7.7.tgz",
      "integrity": "sha512-MH3JEGd8y/EkNCKJ8EV6Ch0j9X0rZTta/QVIDpBWaIdfh85/e5KO8+ZKgvWIb02MQuiS20pDFmMFlv4ZaLcLWg=="
    },
    "bootstrap": {
      "version": "3.4.0",
      "resolved": "https://registry.npmjs.org/bootstrap/-/bootstrap-3.4.0.tgz",
      "integrity": "sha512-F1yTDO9OHKH0xjl03DsOe8Nu1OWBIeAugGMhy3UTIYDdbbIPesQIhCEbj+HEr6wqlwweGAlP8F3OBC6kEuhFuw=="
    },
    "requirejs": {
      "version": "2.3.6",
      "resolved": "https://registry.npmjs.org/requirejs/-/requirejs-2.3.6.tgz",
      "integrity": "sha512-ipEzlWQe6RK3jkzikgCupiTbTvm4S0/CAU5GlgptkN5SO6F3u0UD0K18wy6ErDqiCyP4J4YYe1HuAShvsxePLg=="
    }
  }
}
